// !$*UTF8*$!
{
	archiveVersion = 1;
	classes = {
	};
	objectVersion = 56;
	objects = {

/* Begin PBXBuildFile section */
		727CBE372B64F4430092CF37 /* Dessert_RecipeApp.swift in Sources */ = {isa = PBXBuildFile; fileRef = 727CBE362B64F4430092CF37 /* Dessert_RecipeApp.swift */; };
		727CBE392B64F4430092CF37 /* ContentView.swift in Sources */ = {isa = PBXBuildFile; fileRef = 727CBE382B64F4430092CF37 /* ContentView.swift */; };
		727CBE3B2B64F4450092CF37 /* Assets.xcassets in Resources */ = {isa = PBXBuildFile; fileRef = 727CBE3A2B64F4450092CF37 /* Assets.xcassets */; };
		727CBE3E2B64F4450092CF37 /* Preview Assets.xcassets in Resources */ = {isa = PBXBuildFile; fileRef = 727CBE3D2B64F4450092CF37 /* Preview Assets.xcassets */; };
		72B701D82B67727D00261C1A /* DataStructures.swift in Sources */ = {isa = PBXBuildFile; fileRef = 72B701D72B67727D00261C1A /* DataStructures.swift */; };
		72B701DA2B67790100261C1A /* DataFetch.swift in Sources */ = {isa = PBXBuildFile; fileRef = 72B701D92B67790100261C1A /* DataFetch.swift */; };
		72B701DC2B67798E00261C1A /* MealsModel.swift in Sources */ = {isa = PBXBuildFile; fileRef = 72B701DB2B67798E00261C1A /* MealsModel.swift */; };
		72B701E02B677A2800261C1A /* MealList.swift in Sources */ = {isa = PBXBuildFile; fileRef = 72B701DF2B677A2800261C1A /* MealList.swift */; };
		72B701E22B677D1800261C1A /* MealItem.swift in Sources */ = {isa = PBXBuildFile; fileRef = 72B701E12B677D1800261C1A /* MealItem.swift */; };
		72B701E42B681C4C00261C1A /* MealDetails.swift in Sources */ = {isa = PBXBuildFile; fileRef = 72B701E32B681C4C00261C1A /* MealDetails.swift */; };
/* End PBXBuildFile section */

/* Begin PBXFileReference section */
		727CBE332B64F4430092CF37 /* Dessert Recipe.app */ = {isa = PBXFileReference; explicitFileType = wrapper.application; includeInIndex = 0; path = "Dessert Recipe.app"; sourceTree = BUILT_PRODUCTS_DIR; };
		727CBE362B64F4430092CF37 /* Dessert_RecipeApp.swift */ = {isa = PBXFileReference; lastKnownFileType = sourcecode.swift; path = Dessert_RecipeApp.swift; sourceTree = "<group>"; };
		727CBE382B64F4430092CF37 /* ContentView.swift */ = {isa = PBXFileReference; lastKnownFileType = sourcecode.swift; path = ContentView.swift; sourceTree = "<group>"; };
		727CBE3A2B64F4450092CF37 /* Assets.xcassets */ = {isa = PBXFileReference; lastKnownFileType = folder.assetcatalog; path = Assets.xcassets; sourceTree = "<group>"; };
		727CBE3D2B64F4450092CF37 /* Preview Assets.xcassets */ = {isa = PBXFileReference; lastKnownFileType = folder.assetcatalog; path = "Preview Assets.xcassets"; sourceTree = "<group>"; };
		72B701D72B67727D00261C1A /* DataStructures.swift */ = {isa = PBXFileReference; lastKnownFileType = sourcecode.swift; path = DataStructures.swift; sourceTree = "<group>"; };
		72B701D92B67790100261C1A /* DataFetch.swift */ = {isa = PBXFileReference; lastKnownFileType = sourcecode.swift; path = DataFetch.swift; sourceTree = "<group>"; };
		72B701DB2B67798E00261C1A /* MealsModel.swift */ = {isa = PBXFileReference; lastKnownFileType = sourcecode.swift; path = MealsModel.swift; sourceTree = "<group>"; };
		72B701DF2B677A2800261C1A /* MealList.swift */ = {isa = PBXFileReference; lastKnownFileType = sourcecode.swift; path = MealList.swift; sourceTree = "<group>"; };
		72B701E12B677D1800261C1A /* MealItem.swift */ = {isa = PBXFileReference; lastKnownFileType = sourcecode.swift; path = MealItem.swift; sourceTree = "<group>"; };
		72B701E32B681C4C00261C1A /* MealDetails.swift */ = {isa = PBXFileReference; lastKnownFileType = sourcecode.swift; path = MealDetails.swift; sourceTree = "<group>"; };
/* End PBXFileReference section */

/* Begin PBXFrameworksBuildPhase section */
		727CBE302B64F4430092CF37 /* Frameworks */ = {
			isa = PBXFrameworksBuildPhase;
			buildActionMask = 2147483647;
			files = (
			);
			runOnlyForDeploymentPostprocessing = 0;
		};
/* End PBXFrameworksBuildPhase section */

/* Begin PBXGroup section */
		727CBE2A2B64F4430092CF37 = {
			isa = PBXGroup;
			children = (
				727CBE352B64F4430092CF37 /* Dessert Recipe */,
				727CBE342B64F4430092CF37 /* Products */,
			);
			sourceTree = "<group>";
		};
		727CBE342B64F4430092CF37 /* Products */ = {
			isa = PBXGroup;
			children = (
				727CBE332B64F4430092CF37 /* Dessert Recipe.app */,
			);
			name = Products;
			sourceTree = "<group>";
		};
		727CBE352B64F4430092CF37 /* Dessert Recipe */ = {
			isa = PBXGroup;
			children = (
				72B701DD2B677A0A00261C1A /* View */,
				72B701D62B67726400261C1A /* Model */,
				727CBE362B64F4430092CF37 /* Dessert_RecipeApp.swift */,
				727CBE382B64F4430092CF37 /* ContentView.swift */,
				727CBE3A2B64F4450092CF37 /* Assets.xcassets */,
				727CBE3C2B64F4450092CF37 /* Preview Content */,
			);
			path = "Dessert Recipe";
			sourceTree = "<group>";
		};
		727CBE3C2B64F4450092CF37 /* Preview Content */ = {
			isa = PBXGroup;
			children = (
				727CBE3D2B64F4450092CF37 /* Preview Assets.xcassets */,
			);
			path = "Preview Content";
			sourceTree = "<group>";
		};
		72B701D62B67726400261C1A /* Model */ = {
			isa = PBXGroup;
			children = (
				72B701D72B67727D00261C1A /* DataStructures.swift */,
				72B701D92B67790100261C1A /* DataFetch.swift */,
				72B701DB2B67798E00261C1A /* MealsModel.swift */,
			);
			path = Model;
			sourceTree = "<group>";
		};
		72B701DD2B677A0A00261C1A /* View */ = {
			isa = PBXGroup;
			children = (
				72B701DF2B677A2800261C1A /* MealList.swift */,
				72B701E12B677D1800261C1A /* MealItem.swift */,
				72B701E32B681C4C00261C1A /* MealDetails.swift */,
			);
			path = View;
			sourceTree = "<group>";
		};
/* End PBXGroup section */

/* Begin PBXNativeTarget section */
		727CBE322B64F4430092CF37 /* Dessert Recipe */ = {
			isa = PBXNativeTarget;
			buildConfigurationList = 727CBE412B64F4450092CF37 /* Build configuration list for PBXNativeTarget "Dessert Recipe" */;
			buildPhases = (
				727CBE2F2B64F4430092CF37 /* Sources */,
				727CBE302B64F4430092CF37 /* Frameworks */,
				727CBE312B64F4430092CF37 /* Resources */,
			);
			buildRules = (
			);
			dependencies = (
			);
			name = "Dessert Recipe";
			productName = "Dessert Recipe";
			productReference = 727CBE332B64F4430092CF37 /* Dessert Recipe.app */;
			productType = "com.apple.product-type.application";
		};
/* End PBXNativeTarget section */

/* Begin PBXProject section */
		727CBE2B2B64F4430092CF37 /* Project object */ = {
			isa = PBXProject;
			attributes = {
				BuildIndependentTargetsInParallel = 1;
				LastSwiftUpdateCheck = 1500;
				LastUpgradeCheck = 1500;
				TargetAttributes = {
					727CBE322B64F4430092CF37 = {
						CreatedOnToolsVersion = 15.0.1;
					};
				};
			};
			buildConfigurationList = 727CBE2E2B64F4430092CF37 /* Build configuration list for PBXProject "Dessert Recipe" */;
			compatibilityVersion = "Xcode 14.0";
			developmentRegion = en;
			hasScannedForEncodings = 0;
			knownRegions = (
				en,
				Base,
			);
			mainGroup = 727CBE2A2B64F4430092CF37;
			productRefGroup = 727CBE342B64F4430092CF37 /* Products */;
			projectDirPath = "";
			projectRoot = "";
			targets = (
				727CBE322B64F4430092CF37 /* Dessert Recipe */,
			);
		};
/* End PBXProject section */

/* Begin PBXResourcesBuildPhase section */
		727CBE312B64F4430092CF37 /* Resources */ = {
			isa = PBXResourcesBuildPhase;
			buildActionMask = 2147483647;
			files = (
				727CBE3E2B64F4450092CF37 /* Preview Assets.xcassets in Resources */,
				727CBE3B2B64F4450092CF37 /* Assets.xcassets in Resources */,
			);
			runOnlyForDeploymentPostprocessing = 0;
		};
/* End PBXResourcesBuildPhase section */

/* Begin PBXSourcesBuildPhase section */
		727CBE2F2B64F4430092CF37 /* Sources */ = {
			isa = PBXSourcesBuildPhase;
			buildActionMask = 2147483647;
			files = (
				72B701D82B67727D00261C1A /* DataStructures.swift in Sources */,
				72B701E42B681C4C00261C1A /* MealDetails.swift in Sources */,
				72B701DC2B67798E00261C1A /* MealsModel.swift in Sources */,
				727CBE392B64F4430092CF37 /* ContentView.swift in Sources */,
				72B701DA2B67790100261C1A /* DataFetch.swift in Sources */,
				72B701E22B677D1800261C1A /* MealItem.swift in Sources */,
				727CBE372B64F4430092CF37 /* Dessert_RecipeApp.swift in Sources */,
				72B701E02B677A2800261C1A /* MealList.swift in Sources */,
			);
			runOnlyForDeploymentPostprocessing = 0;
		};
/* End PBXSourcesBuildPhase section */

/* Begin XCBuildConfiguration section */
		727CBE3F2B64F4450092CF37 /* Debug */ = {
			isa = XCBuildConfiguration;
			buildSettings = {
				ALWAYS_SEARCH_USER_PATHS = NO;
				ASSETCATALOG_COMPILER_GENERATE_SWIFT_ASSET_SYMBOL_EXTENSIONS = YES;
				CLANG_ANALYZER_NONNULL = YES;
				CLANG_ANALYZER_NUMBER_OBJECT_CONVERSION = YES_AGGRESSIVE;
				CLANG_CXX_LANGUAGE_STANDARD = "gnu++20";
				CLANG_ENABLE_MODULES = YES;
				CLANG_ENABLE_OBJC_ARC = YES;
				CLANG_ENABLE_OBJC_WEAK = YES;
				CLANG_WARN_BLOCK_CAPTURE_AUTORELEASING = YES;
				CLANG_WARN_BOOL_CONVERSION = YES;
				CLANG_WARN_COMMA = YES;
				CLANG_WARN_CONSTANT_CONVERSION = YES;
				CLANG_WARN_DEPRECATED_OBJC_IMPLEMENTATIONS = YES;
				CLANG_WARN_DIRECT_OBJC_ISA_USAGE = YES_ERROR;
				CLANG_WARN_DOCUMENTATION_COMMENTS = YES;
				CLANG_WARN_EMPTY_BODY = YES;
				CLANG_WARN_ENUM_CONVERSION = YES;
				CLANG_WARN_INFINITE_RECURSION = YES;
				CLANG_WARN_INT_CONVERSION = YES;
				CLANG_WARN_NON_LITERAL_NULL_CONVERSION = YES;
				CLANG_WARN_OBJC_IMPLICIT_RETAIN_SELF = YES;
				CLANG_WARN_OBJC_LITERAL_CONVERSION = YES;
				CLANG_WARN_OBJC_ROOT_CLASS = YES_ERROR;
				CLANG_WARN_QUOTED_INCLUDE_IN_FRAMEWORK_HEADER = YES;
				CLANG_WARN_RANGE_LOOP_ANALYSIS = YES;
				CLANG_WARN_STRICT_PROTOTYPES = YES;
				CLANG_WARN_SUSPICIOUS_MOVE = YES;
				CLANG_WARN_UNGUARDED_AVAILABILITY = YES_AGGRESSIVE;
				CLANG_WARN_UNREACHABLE_CODE = YES;
				CLANG_WARN__DUPLICATE_METHOD_MATCH = YES;
				COPY_PHASE_STRIP = NO;
				DEBUG_INFORMATION_FORMAT = dwarf;
				ENABLE_STRICT_OBJC_MSGSEND = YES;
				ENABLE_TESTABILITY = YES;
				ENABLE_USER_SCRIPT_SANDBOXING = YES;
				GCC_C_LANGUAGE_STANDARD = gnu17;
				GCC_DYNAMIC_NO_PIC = NO;
				GCC_NO_COMMON_BLOCKS = YES;
				GCC_OPTIMIZATION_LEVEL = 0;
				GCC_PREPROCESSOR_DEFINITIONS = (
					"DEBUG=1",
					"$(inherited)",
				);
				GCC_WARN_64_TO_32_BIT_CONVERSION = YES;
				GCC_WARN_ABOUT_RETURN_TYPE = YES_ERROR;
				GCC_WARN_UNDECLARED_SELECTOR = YES;
				GCC_WARN_UNINITIALIZED_AUTOS = YES_AGGRESSIVE;
				GCC_WARN_UNUSED_FUNCTION = YES;
				GCC_WARN_UNUSED_VARIABLE = YES;
				IPHONEOS_DEPLOYMENT_TARGET = 17.0;
				LOCALIZATION_PREFERS_STRING_CATALOGS = YES;
				MTL_ENABLE_DEBUG_INFO = INCLUDE_SOURCE;
				MTL_FAST_MATH = YES;
				ONLY_ACTIVE_ARCH = YES;
				SDKROOT = iphoneos;
				SWIFT_ACTIVE_COMPILATION_CONDITIONS = "DEBUG $(inherited)";
				SWIFT_OPTIMIZATION_LEVEL = "-Onone";
			};
			name = Debug;
		};
		727CBE402B64F4450092CF37 /* Release */ = {
			isa = XCBuildConfiguration;
			buildSettings = {
				ALWAYS_SEARCH_USER_PATHS = NO;
				ASSETCATALOG_COMPILER_GENERATE_SWIFT_ASSET_SYMBOL_EXTENSIONS = YES;
				CLANG_ANALYZER_NONNULL = YES;
				CLANG_ANALYZER_NUMBER_OBJECT_CONVERSION = YES_AGGRESSIVE;
				CLANG_CXX_LANGUAGE_STANDARD = "gnu++20";
				CLANG_ENABLE_MODULES = YES;
				CLANG_ENABLE_OBJC_ARC = YES;
				CLANG_ENABLE_OBJC_WEAK = YES;
				CLANG_WARN_BLOCK_CAPTURE_AUTORELEASING = YES;
				CLANG_WARN_BOOL_CONVERSION = YES;
				CLANG_WARN_COMMA = YES;
				CLANG_WARN_CONSTANT_CONVERSION = YES;
				CLANG_WARN_DEPRECATED_OBJC_IMPLEMENTATIONS = YES;
				CLANG_WARN_DIRECT_OBJC_ISA_USAGE = YES_ERROR;
				CLANG_WARN_DOCUMENTATION_COMMENTS = YES;
				CLANG_WARN_EMPTY_BODY = YES;
				CLANG_WARN_ENUM_CONVERSION = YES;
				CLANG_WARN_INFINITE_RECURSION = YES;
				CLANG_WARN_INT_CONVERSION = YES;
				CLANG_WARN_NON_LITERAL_NULL_CONVERSION = YES;
				CLANG_WARN_OBJC_IMPLICIT_RETAIN_SELF = YES;
				CLANG_WARN_OBJC_LITERAL_CONVERSION = YES;
				CLANG_WARN_OBJC_ROOT_CLASS = YES_ERROR;
				CLANG_WARN_QUOTED_INCLUDE_IN_FRAMEWORK_HEADER = YES;
				CLANG_WARN_RANGE_LOOP_ANALYSIS = YES;
				CLANG_WARN_STRICT_PROTOTYPES = YES;
				CLANG_WARN_SUSPICIOUS_MOVE = YES;
				CLANG_WARN_UNGUARDED_AVAILABILITY = YES_AGGRESSIVE;
				CLANG_WARN_UNREACHABLE_CODE = YES;
				CLANG_WARN__DUPLICATE_METHOD_MATCH = YES;
				COPY_PHASE_STRIP = NO;
				DEBUG_INFORMATION_FORMAT = "dwarf-with-dsym";
				ENABLE_NS_ASSERTIONS = NO;
				ENABLE_STRICT_OBJC_MSGSEND = YES;
				ENABLE_USER_SCRIPT_SANDBOXING = YES;
				GCC_C_LANGUAGE_STANDARD = gnu17;
				GCC_NO_COMMON_BLOCKS = YES;
				GCC_WARN_64_TO_32_BIT_CONVERSION = YES;
				GCC_WARN_ABOUT_RETURN_TYPE = YES_ERROR;
				GCC_WARN_UNDECLARED_SELECTOR = YES;
				GCC_WARN_UNINITIALIZED_AUTOS = YES_AGGRESSIVE;
				GCC_WARN_UNUSED_FUNCTION = YES;
				GCC_WARN_UNUSED_VARIABLE = YES;
				IPHONEOS_DEPLOYMENT_TARGET = 17.0;
				LOCALIZATION_PREFERS_STRING_CATALOGS = YES;
				MTL_ENABLE_DEBUG_INFO = NO;
				MTL_FAST_MATH = YES;
				SDKROOT = iphoneos;
				SWIFT_COMPILATION_MODE = wholemodule;
				VALIDATE_PRODUCT = YES;
			};
			name = Release;
		};
		727CBE422B64F4450092CF37 /* Debug */ = {
			isa = XCBuildConfiguration;
			buildSettings = {
				ASSETCATALOG_COMPILER_APPICON_NAME = AppIcon;
				ASSETCATALOG_COMPILER_GLOBAL_ACCENT_COLOR_NAME = AccentColor;
				CODE_SIGN_STYLE = Automatic;
				CURRENT_PROJECT_VERSION = 1;
				DEVELOPMENT_ASSET_PATHS = "\"Dessert Recipe/Preview Content\"";
				ENABLE_PREVIEWS = YES;
				GENERATE_INFOPLIST_FILE = YES;
				INFOPLIST_KEY_UIApplicationSceneManifest_Generation = YES;
				INFOPLIST_KEY_UIApplicationSupportsIndirectInputEvents = YES;
				INFOPLIST_KEY_UILaunchScreen_Generation = YES;
				INFOPLIST_KEY_UISupportedInterfaceOrientations_iPad = "UIInterfaceOrientationPortrait UIInterfaceOrientationPortraitUpsideDown UIInterfaceOrientationLandscapeLeft UIInterfaceOrientationLandscapeRight";
				INFOPLIST_KEY_UISupportedInterfaceOrientations_iPhone = "UIInterfaceOrientationPortrait UIInterfaceOrientationLandscapeLeft UIInterfaceOrientationLandscapeRight";
				LD_RUNPATH_SEARCH_PATHS = (
					"$(inherited)",
					"@executable_path/Frameworks",
				);
				MARKETING_VERSION = 1.0;
				PRODUCT_BUNDLE_IDENTIFIER = "edu.duke.eka13.Dessert-Recipe";
				PRODUCT_NAME = "$(TARGET_NAME)";
				SWIFT_EMIT_LOC_STRINGS = YES;
				SWIFT_VERSION = 5.0;
				TARGETED_DEVICE_FAMILY = "1,2";
			};
			name = Debug;
		};
		727CBE432B64F4450092CF37 /* Release */ = {
			isa = XCBuildConfiguration;
			buildSettings = {
				ASSETCATALOG_COMPILER_APPICON_NAME = AppIcon;
				ASSETCATALOG_COMPILER_GLOBAL_ACCENT_COLOR_NAME = AccentColor;
				CODE_SIGN_STYLE = Automatic;
				CURRENT_PROJECT_VERSION = 1;
				DEVELOPMENT_ASSET_PATHS = "\"Dessert Recipe/Preview Content\"";
				ENABLE_PREVIEWS = YES;
				GENERATE_INFOPLIST_FILE = YES;
				INFOPLIST_KEY_UIApplicationSceneManifest_Generation = YES;
				INFOPLIST_KEY_UIApplicationSupportsIndirectInputEvents = YES;
				INFOPLIST_KEY_UILaunchScreen_Generation = YES;
				INFOPLIST_KEY_UISupportedInterfaceOrientations_iPad = "UIInterfaceOrientationPortrait UIInterfaceOrientationPortraitUpsideDown UIInterfaceOrientationLandscapeLeft UIInterfaceOrientationLandscapeRight";
				INFOPLIST_KEY_UISupportedInterfaceOrientations_iPhone = "UIInterfaceOrientationPortrait UIInterfaceOrientationLandscapeLeft UIInterfaceOrientationLandscapeRight";
				LD_RUNPATH_SEARCH_PATHS = (
					"$(inherited)",
					"@executable_path/Frameworks",
				);
				MARKETING_VERSION = 1.0;
				PRODUCT_BUNDLE_IDENTIFIER = "edu.duke.eka13.Dessert-Recipe";
				PRODUCT_NAME = "$(TARGET_NAME)";
				SWIFT_EMIT_LOC_STRINGS = YES;
				SWIFT_VERSION = 5.0;
				TARGETED_DEVICE_FAMILY = "1,2";
			};
			name = Release;
		};
/* End XCBuildConfiguration section */

/* Begin XCConfigurationList section */
		727CBE2E2B64F4430092CF37 /* Build configuration list for PBXProject "Dessert Recipe" */ = {
			isa = XCConfigurationList;
			buildConfigurations = (
				727CBE3F2B64F4450092CF37 /* Debug */,
				727CBE402B64F4450092CF37 /* Release */,
			);
			defaultConfigurationIsVisible = 0;
			defaultConfigurationName = Release;
		};
		727CBE412B64F4450092CF37 /* Build configuration list for PBXNativeTarget "Dessert Recipe" */ = {
			isa = XCConfigurationList;
			buildConfigurations = (
				727CBE422B64F4450092CF37 /* Debug */,
				727CBE432B64F4450092CF37 /* Release */,
			);
			defaultConfigurationIsVisible = 0;
			defaultConfigurationName = Release;
		};
/* End XCConfigurationList section */
	};
	rootObject = 727CBE2B2B64F4430092CF37 /* Project object */;
}
